// !$*UTF8*$!
{
	archiveVersion = 1;
	classes = {
	};
	objectVersion = 51;
	objects = {

/* Begin PBXBuildFile section */
		293921322646E864FF452952 /* Pods_News_NewsUITests.framework in Frameworks */ = {isa = PBXBuildFile; fileRef = A502A8FB967E31B2BA257700 /* Pods_News_NewsUITests.framework */; };
		3D1634FC247AAA3400FE09BD /* ArticleListViewModelIO.swift in Sources */ = {isa = PBXBuildFile; fileRef = 3D1634FB247AAA3400FE09BD /* ArticleListViewModelIO.swift */; };
		3D1634FF247AAC6800FE09BD /* ArticleEntity.swift in Sources */ = {isa = PBXBuildFile; fileRef = 3D1634FE247AAC6800FE09BD /* ArticleEntity.swift */; };
		3D20287A2483B41E00EED602 /* Observable.swift in Sources */ = {isa = PBXBuildFile; fileRef = 3D2028792483B41E00EED602 /* Observable.swift */; };
		3D2028812483EE8900EED602 /* ViewControllerExtension.swift in Sources */ = {isa = PBXBuildFile; fileRef = 3D2028802483EE8900EED602 /* ViewControllerExtension.swift */; };
		3D4DDDE12480B42200BBBCC3 /* ServiceResponseTests.swift in Sources */ = {isa = PBXBuildFile; fileRef = 3D4DDDE02480B42200BBBCC3 /* ServiceResponseTests.swift */; };
		3D4FB7A8247FED6C00F6A3F8 /* MockServiceConfig.swift in Sources */ = {isa = PBXBuildFile; fileRef = 3D4FB7A7247FED6C00F6A3F8 /* MockServiceConfig.swift */; };
		3D4FB7AA247FEDE600F6A3F8 /* MockServiceRequest.swift in Sources */ = {isa = PBXBuildFile; fileRef = 3D4FB7A9247FEDE600F6A3F8 /* MockServiceRequest.swift */; };
		3D4FB7AC247FEE5400F6A3F8 /* MockRequest.swift in Sources */ = {isa = PBXBuildFile; fileRef = 3D4FB7AB247FEE5400F6A3F8 /* MockRequest.swift */; };
		3D4FB7B0247FEECC00F6A3F8 /* ServiceManagerTests.swift in Sources */ = {isa = PBXBuildFile; fileRef = 3D4FB7AF247FEECC00F6A3F8 /* ServiceManagerTests.swift */; };
		3D607E63247A5F1D00FA19F9 /* ArticleListCoordinator.swift in Sources */ = {isa = PBXBuildFile; fileRef = 3D607E62247A5F1D00FA19F9 /* ArticleListCoordinator.swift */; };
		3D607E6C247A685F00FA19F9 /* Article.swift in Sources */ = {isa = PBXBuildFile; fileRef = 3D607E6B247A685F00FA19F9 /* Article.swift */; };
		3D6C49272483746400EC5649 /* ArticleUseCases.swift in Sources */ = {isa = PBXBuildFile; fileRef = 3D6C49262483746400EC5649 /* ArticleUseCases.swift */; };
		3D6C4929248374C500EC5649 /* ArticleRepository.swift in Sources */ = {isa = PBXBuildFile; fileRef = 3D6C4928248374C500EC5649 /* ArticleRepository.swift */; };
		3D6C49302483763C00EC5649 /* ArticleRepositoryInterface.swift in Sources */ = {isa = PBXBuildFile; fileRef = 3D6C492F2483763C00EC5649 /* ArticleRepositoryInterface.swift */; };
		3D8D4049246432DA0018F693 /* AppDelegate.swift in Sources */ = {isa = PBXBuildFile; fileRef = 3D8D4048246432DA0018F693 /* AppDelegate.swift */; };
		3D8D4050246432DD0018F693 /* Assets.xcassets in Resources */ = {isa = PBXBuildFile; fileRef = 3D8D404F246432DD0018F693 /* Assets.xcassets */; };
		3D8D4053246432DD0018F693 /* LaunchScreen.storyboard in Resources */ = {isa = PBXBuildFile; fileRef = 3D8D4051246432DD0018F693 /* LaunchScreen.storyboard */; };
		3D8D405E246432DD0018F693 /* NewsTests.swift in Sources */ = {isa = PBXBuildFile; fileRef = 3D8D405D246432DD0018F693 /* NewsTests.swift */; };
		3D8D4069246432DD0018F693 /* NewsUITests.swift in Sources */ = {isa = PBXBuildFile; fileRef = 3D8D4068246432DD0018F693 /* NewsUITests.swift */; };
		3D8D407A246435850018F693 /* ServiceManager.swift in Sources */ = {isa = PBXBuildFile; fileRef = 3D8D4079246435850018F693 /* ServiceManager.swift */; };
		3D8D408024643A160018F693 /* ErrorRespond.swift in Sources */ = {isa = PBXBuildFile; fileRef = 3D8D407F24643A160018F693 /* ErrorRespond.swift */; };
		3DCEFAD724837B4300D0A536 /* RepositoryTask.swift in Sources */ = {isa = PBXBuildFile; fileRef = 3DCEFAD624837B4300D0A536 /* RepositoryTask.swift */; };
		3DE51F5D247BB0390031E95D /* ViewExtension.swift in Sources */ = {isa = PBXBuildFile; fileRef = 3DE51F5C247BB0390031E95D /* ViewExtension.swift */; };
		3DE51F61247BB9CE0031E95D /* HeadlineCell.swift in Sources */ = {isa = PBXBuildFile; fileRef = 3DE51F60247BB9CE0031E95D /* HeadlineCell.swift */; };
		3DE51F64247BC6340031E95D /* CollectionViewDataSource.swift in Sources */ = {isa = PBXBuildFile; fileRef = 3DE51F63247BC6340031E95D /* CollectionViewDataSource.swift */; };
		3DE51F66247BCD900031E95D /* ServiceConfig.swift in Sources */ = {isa = PBXBuildFile; fileRef = 3DE51F65247BCD900031E95D /* ServiceConfig.swift */; };
		3DE51F68247BCE330031E95D /* AppConfiguration.swift in Sources */ = {isa = PBXBuildFile; fileRef = 3DE51F67247BCE330031E95D /* AppConfiguration.swift */; };
		3DE51F6C247BD2B00031E95D /* Endpoint.swift in Sources */ = {isa = PBXBuildFile; fileRef = 3DE51F6B247BD2B00031E95D /* Endpoint.swift */; };
		3DE51F6F247BD90D0031E95D /* EncodableExtension.swift in Sources */ = {isa = PBXBuildFile; fileRef = 3DE51F6E247BD90D0031E95D /* EncodableExtension.swift */; };
		3DE51F71247BD9870031E95D /* DictionaryExtension.swift in Sources */ = {isa = PBXBuildFile; fileRef = 3DE51F70247BD9870031E95D /* DictionaryExtension.swift */; };
		3DE51F73247BDDC50031E95D /* ServiceResponse.swift in Sources */ = {isa = PBXBuildFile; fileRef = 3DE51F72247BDDC50031E95D /* ServiceResponse.swift */; };
		3DE51F75247BF8860031E95D /* ServiceSession.swift in Sources */ = {isa = PBXBuildFile; fileRef = 3DE51F74247BF8860031E95D /* ServiceSession.swift */; };
		3DE51F77247BFD690031E95D /* ApiEndpoint.swift in Sources */ = {isa = PBXBuildFile; fileRef = 3DE51F76247BFD690031E95D /* ApiEndpoint.swift */; };
		3DE51F7A247BFE800031E95D /* EndpointParams.swift in Sources */ = {isa = PBXBuildFile; fileRef = 3DE51F79247BFE800031E95D /* EndpointParams.swift */; };
		3DFEC6B52484DA040069B468 /* ArticleHeadlineView.swift in Sources */ = {isa = PBXBuildFile; fileRef = 3DFEC6B42484DA040069B468 /* ArticleHeadlineView.swift */; };
		3DFEC6B72484E9230069B468 /* ImageViewExtension.swift in Sources */ = {isa = PBXBuildFile; fileRef = 3DFEC6B62484E9230069B468 /* ImageViewExtension.swift */; };
		3DFF3B242467D85E0009D16B /* ArticleListViewController.swift in Sources */ = {isa = PBXBuildFile; fileRef = 3DFF3B232467D85E0009D16B /* ArticleListViewController.swift */; };
		3DFF3B262467D88D0009D16B /* ArticleListViewModel.swift in Sources */ = {isa = PBXBuildFile; fileRef = 3DFF3B252467D88D0009D16B /* ArticleListViewModel.swift */; };
		3DFF3B352468200C0009D16B /* AppFlowCoordinator.swift in Sources */ = {isa = PBXBuildFile; fileRef = 3DFF3B342468200C0009D16B /* AppFlowCoordinator.swift */; };
		3DFF3B38246820430009D16B /* AppDIContainer.swift in Sources */ = {isa = PBXBuildFile; fileRef = 3DFF3B37246820430009D16B /* AppDIContainer.swift */; };
		3DFF3B3A246834BC0009D16B /* ArticleDIContainer.swift in Sources */ = {isa = PBXBuildFile; fileRef = 3DFF3B39246834BC0009D16B /* ArticleDIContainer.swift */; };
		CCA55F3DB0271C78F0F31EB9 /* Pods_News.framework in Frameworks */ = {isa = PBXBuildFile; fileRef = 8254A91B06C2B95674C83CD5 /* Pods_News.framework */; };
		D5A0F20511406359210513BA /* Pods_NewsTests.framework in Frameworks */ = {isa = PBXBuildFile; fileRef = 8D6C4EBC7141F4E69E45B34D /* Pods_NewsTests.framework */; };
/* End PBXBuildFile section */

/* Begin PBXContainerItemProxy section */
		3D8D405A246432DD0018F693 /* PBXContainerItemProxy */ = {
			isa = PBXContainerItemProxy;
			containerPortal = 3D8D403D246432DA0018F693 /* Project object */;
			proxyType = 1;
			remoteGlobalIDString = 3D8D4044246432DA0018F693;
			remoteInfo = News;
		};
		3D8D4065246432DD0018F693 /* PBXContainerItemProxy */ = {
			isa = PBXContainerItemProxy;
			containerPortal = 3D8D403D246432DA0018F693 /* Project object */;
			proxyType = 1;
			remoteGlobalIDString = 3D8D4044246432DA0018F693;
			remoteInfo = News;
		};
/* End PBXContainerItemProxy section */

/* Begin PBXFileReference section */
		3C309DBF4F4FD77418470893 /* Pods-News-NewsUITests.release.xcconfig */ = {isa = PBXFileReference; includeInIndex = 1; lastKnownFileType = text.xcconfig; name = "Pods-News-NewsUITests.release.xcconfig"; path = "Target Support Files/Pods-News-NewsUITests/Pods-News-NewsUITests.release.xcconfig"; sourceTree = "<group>"; };
		3D1634FB247AAA3400FE09BD /* ArticleListViewModelIO.swift */ = {isa = PBXFileReference; lastKnownFileType = sourcecode.swift; path = ArticleListViewModelIO.swift; sourceTree = "<group>"; };
		3D1634FE247AAC6800FE09BD /* ArticleEntity.swift */ = {isa = PBXFileReference; lastKnownFileType = sourcecode.swift; path = ArticleEntity.swift; sourceTree = "<group>"; };
		3D2028792483B41E00EED602 /* Observable.swift */ = {isa = PBXFileReference; lastKnownFileType = sourcecode.swift; path = Observable.swift; sourceTree = "<group>"; };
		3D2028802483EE8900EED602 /* ViewControllerExtension.swift */ = {isa = PBXFileReference; lastKnownFileType = sourcecode.swift; path = ViewControllerExtension.swift; sourceTree = "<group>"; };
		3D4DDDE02480B42200BBBCC3 /* ServiceResponseTests.swift */ = {isa = PBXFileReference; lastKnownFileType = sourcecode.swift; path = ServiceResponseTests.swift; sourceTree = "<group>"; };
		3D4FB7A7247FED6C00F6A3F8 /* MockServiceConfig.swift */ = {isa = PBXFileReference; lastKnownFileType = sourcecode.swift; path = MockServiceConfig.swift; sourceTree = "<group>"; };
		3D4FB7A9247FEDE600F6A3F8 /* MockServiceRequest.swift */ = {isa = PBXFileReference; lastKnownFileType = sourcecode.swift; path = MockServiceRequest.swift; sourceTree = "<group>"; };
		3D4FB7AB247FEE5400F6A3F8 /* MockRequest.swift */ = {isa = PBXFileReference; lastKnownFileType = sourcecode.swift; path = MockRequest.swift; sourceTree = "<group>"; };
		3D4FB7AF247FEECC00F6A3F8 /* ServiceManagerTests.swift */ = {isa = PBXFileReference; lastKnownFileType = sourcecode.swift; path = ServiceManagerTests.swift; sourceTree = "<group>"; };
		3D607E62247A5F1D00FA19F9 /* ArticleListCoordinator.swift */ = {isa = PBXFileReference; lastKnownFileType = sourcecode.swift; path = ArticleListCoordinator.swift; sourceTree = "<group>"; };
		3D607E6B247A685F00FA19F9 /* Article.swift */ = {isa = PBXFileReference; lastKnownFileType = sourcecode.swift; path = Article.swift; sourceTree = "<group>"; };
		3D6C49262483746400EC5649 /* ArticleUseCases.swift */ = {isa = PBXFileReference; lastKnownFileType = sourcecode.swift; path = ArticleUseCases.swift; sourceTree = "<group>"; };
		3D6C4928248374C500EC5649 /* ArticleRepository.swift */ = {isa = PBXFileReference; lastKnownFileType = sourcecode.swift; path = ArticleRepository.swift; sourceTree = "<group>"; };
		3D6C492F2483763C00EC5649 /* ArticleRepositoryInterface.swift */ = {isa = PBXFileReference; lastKnownFileType = sourcecode.swift; path = ArticleRepositoryInterface.swift; sourceTree = "<group>"; };
		3D8D4045246432DA0018F693 /* News.app */ = {isa = PBXFileReference; explicitFileType = wrapper.application; includeInIndex = 0; path = News.app; sourceTree = BUILT_PRODUCTS_DIR; };
		3D8D4048246432DA0018F693 /* AppDelegate.swift */ = {isa = PBXFileReference; lastKnownFileType = sourcecode.swift; path = AppDelegate.swift; sourceTree = "<group>"; };
		3D8D404F246432DD0018F693 /* Assets.xcassets */ = {isa = PBXFileReference; lastKnownFileType = folder.assetcatalog; path = Assets.xcassets; sourceTree = "<group>"; };
		3D8D4052246432DD0018F693 /* Base */ = {isa = PBXFileReference; lastKnownFileType = file.storyboard; name = Base; path = Base.lproj/LaunchScreen.storyboard; sourceTree = "<group>"; };
		3D8D4054246432DD0018F693 /* Info.plist */ = {isa = PBXFileReference; lastKnownFileType = text.plist.xml; path = Info.plist; sourceTree = "<group>"; };
		3D8D4059246432DD0018F693 /* NewsTests.xctest */ = {isa = PBXFileReference; explicitFileType = wrapper.cfbundle; includeInIndex = 0; path = NewsTests.xctest; sourceTree = BUILT_PRODUCTS_DIR; };
		3D8D405D246432DD0018F693 /* NewsTests.swift */ = {isa = PBXFileReference; lastKnownFileType = sourcecode.swift; path = NewsTests.swift; sourceTree = "<group>"; };
		3D8D405F246432DD0018F693 /* Info.plist */ = {isa = PBXFileReference; lastKnownFileType = text.plist.xml; path = Info.plist; sourceTree = "<group>"; };
		3D8D4064246432DD0018F693 /* NewsUITests.xctest */ = {isa = PBXFileReference; explicitFileType = wrapper.cfbundle; includeInIndex = 0; path = NewsUITests.xctest; sourceTree = BUILT_PRODUCTS_DIR; };
		3D8D4068246432DD0018F693 /* NewsUITests.swift */ = {isa = PBXFileReference; lastKnownFileType = sourcecode.swift; path = NewsUITests.swift; sourceTree = "<group>"; };
		3D8D406A246432DD0018F693 /* Info.plist */ = {isa = PBXFileReference; lastKnownFileType = text.plist.xml; path = Info.plist; sourceTree = "<group>"; };
		3D8D4079246435850018F693 /* ServiceManager.swift */ = {isa = PBXFileReference; lastKnownFileType = sourcecode.swift; path = ServiceManager.swift; sourceTree = "<group>"; };
		3D8D407F24643A160018F693 /* ErrorRespond.swift */ = {isa = PBXFileReference; lastKnownFileType = sourcecode.swift; path = ErrorRespond.swift; sourceTree = "<group>"; };
		3DCEFAD624837B4300D0A536 /* RepositoryTask.swift */ = {isa = PBXFileReference; lastKnownFileType = sourcecode.swift; path = RepositoryTask.swift; sourceTree = "<group>"; };
		3DE51F5C247BB0390031E95D /* ViewExtension.swift */ = {isa = PBXFileReference; lastKnownFileType = sourcecode.swift; path = ViewExtension.swift; sourceTree = "<group>"; };
		3DE51F60247BB9CE0031E95D /* HeadlineCell.swift */ = {isa = PBXFileReference; lastKnownFileType = sourcecode.swift; path = HeadlineCell.swift; sourceTree = "<group>"; };
		3DE51F63247BC6340031E95D /* CollectionViewDataSource.swift */ = {isa = PBXFileReference; lastKnownFileType = sourcecode.swift; path = CollectionViewDataSource.swift; sourceTree = "<group>"; };
		3DE51F65247BCD900031E95D /* ServiceConfig.swift */ = {isa = PBXFileReference; lastKnownFileType = sourcecode.swift; path = ServiceConfig.swift; sourceTree = "<group>"; };
		3DE51F67247BCE330031E95D /* AppConfiguration.swift */ = {isa = PBXFileReference; lastKnownFileType = sourcecode.swift; path = AppConfiguration.swift; sourceTree = "<group>"; };
		3DE51F6B247BD2B00031E95D /* Endpoint.swift */ = {isa = PBXFileReference; lastKnownFileType = sourcecode.swift; path = Endpoint.swift; sourceTree = "<group>"; };
		3DE51F6E247BD90D0031E95D /* EncodableExtension.swift */ = {isa = PBXFileReference; lastKnownFileType = sourcecode.swift; path = EncodableExtension.swift; sourceTree = "<group>"; };
		3DE51F70247BD9870031E95D /* DictionaryExtension.swift */ = {isa = PBXFileReference; lastKnownFileType = sourcecode.swift; path = DictionaryExtension.swift; sourceTree = "<group>"; };
		3DE51F72247BDDC50031E95D /* ServiceResponse.swift */ = {isa = PBXFileReference; lastKnownFileType = sourcecode.swift; path = ServiceResponse.swift; sourceTree = "<group>"; };
		3DE51F74247BF8860031E95D /* ServiceSession.swift */ = {isa = PBXFileReference; lastKnownFileType = sourcecode.swift; path = ServiceSession.swift; sourceTree = "<group>"; };
		3DE51F76247BFD690031E95D /* ApiEndpoint.swift */ = {isa = PBXFileReference; lastKnownFileType = sourcecode.swift; path = ApiEndpoint.swift; sourceTree = "<group>"; };
		3DE51F79247BFE800031E95D /* EndpointParams.swift */ = {isa = PBXFileReference; lastKnownFileType = sourcecode.swift; path = EndpointParams.swift; sourceTree = "<group>"; };
		3DFEC6B42484DA040069B468 /* ArticleHeadlineView.swift */ = {isa = PBXFileReference; lastKnownFileType = sourcecode.swift; path = ArticleHeadlineView.swift; sourceTree = "<group>"; };
		3DFEC6B62484E9230069B468 /* ImageViewExtension.swift */ = {isa = PBXFileReference; lastKnownFileType = sourcecode.swift; path = ImageViewExtension.swift; sourceTree = "<group>"; };
		3DFF3B232467D85E0009D16B /* ArticleListViewController.swift */ = {isa = PBXFileReference; lastKnownFileType = sourcecode.swift; path = ArticleListViewController.swift; sourceTree = "<group>"; };
		3DFF3B252467D88D0009D16B /* ArticleListViewModel.swift */ = {isa = PBXFileReference; lastKnownFileType = sourcecode.swift; path = ArticleListViewModel.swift; sourceTree = "<group>"; };
		3DFF3B342468200C0009D16B /* AppFlowCoordinator.swift */ = {isa = PBXFileReference; lastKnownFileType = sourcecode.swift; path = AppFlowCoordinator.swift; sourceTree = "<group>"; };
		3DFF3B37246820430009D16B /* AppDIContainer.swift */ = {isa = PBXFileReference; lastKnownFileType = sourcecode.swift; path = AppDIContainer.swift; sourceTree = "<group>"; };
		3DFF3B39246834BC0009D16B /* ArticleDIContainer.swift */ = {isa = PBXFileReference; lastKnownFileType = sourcecode.swift; path = ArticleDIContainer.swift; sourceTree = "<group>"; };
		5C81972413392EE79213DA54 /* Pods-News-NewsUITests.debug.xcconfig */ = {isa = PBXFileReference; includeInIndex = 1; lastKnownFileType = text.xcconfig; name = "Pods-News-NewsUITests.debug.xcconfig"; path = "Target Support Files/Pods-News-NewsUITests/Pods-News-NewsUITests.debug.xcconfig"; sourceTree = "<group>"; };
		6ECBECADBE7230394152C6B4 /* Pods-NewsTests.release.xcconfig */ = {isa = PBXFileReference; includeInIndex = 1; lastKnownFileType = text.xcconfig; name = "Pods-NewsTests.release.xcconfig"; path = "Target Support Files/Pods-NewsTests/Pods-NewsTests.release.xcconfig"; sourceTree = "<group>"; };
		8254A91B06C2B95674C83CD5 /* Pods_News.framework */ = {isa = PBXFileReference; explicitFileType = wrapper.framework; includeInIndex = 0; path = Pods_News.framework; sourceTree = BUILT_PRODUCTS_DIR; };
		8D6C4EBC7141F4E69E45B34D /* Pods_NewsTests.framework */ = {isa = PBXFileReference; explicitFileType = wrapper.framework; includeInIndex = 0; path = Pods_NewsTests.framework; sourceTree = BUILT_PRODUCTS_DIR; };
		998D222E8BCCA6D55E303B2E /* Pods-NewsTests.debug.xcconfig */ = {isa = PBXFileReference; includeInIndex = 1; lastKnownFileType = text.xcconfig; name = "Pods-NewsTests.debug.xcconfig"; path = "Target Support Files/Pods-NewsTests/Pods-NewsTests.debug.xcconfig"; sourceTree = "<group>"; };
		A502A8FB967E31B2BA257700 /* Pods_News_NewsUITests.framework */ = {isa = PBXFileReference; explicitFileType = wrapper.framework; includeInIndex = 0; path = Pods_News_NewsUITests.framework; sourceTree = BUILT_PRODUCTS_DIR; };
		BA2F41CB185B6BACA091D86B /* Pods-News.debug.xcconfig */ = {isa = PBXFileReference; includeInIndex = 1; lastKnownFileType = text.xcconfig; name = "Pods-News.debug.xcconfig"; path = "Target Support Files/Pods-News/Pods-News.debug.xcconfig"; sourceTree = "<group>"; };
		DFF7864841ED94EF9EF1A2A9 /* Pods-News.release.xcconfig */ = {isa = PBXFileReference; includeInIndex = 1; lastKnownFileType = text.xcconfig; name = "Pods-News.release.xcconfig"; path = "Target Support Files/Pods-News/Pods-News.release.xcconfig"; sourceTree = "<group>"; };
/* End PBXFileReference section */

/* Begin PBXFrameworksBuildPhase section */
		3D8D4042246432DA0018F693 /* Frameworks */ = {
			isa = PBXFrameworksBuildPhase;
			buildActionMask = 2147483647;
			files = (
				CCA55F3DB0271C78F0F31EB9 /* Pods_News.framework in Frameworks */,
			);
			runOnlyForDeploymentPostprocessing = 0;
		};
		3D8D4056246432DD0018F693 /* Frameworks */ = {
			isa = PBXFrameworksBuildPhase;
			buildActionMask = 2147483647;
			files = (
				D5A0F20511406359210513BA /* Pods_NewsTests.framework in Frameworks */,
			);
			runOnlyForDeploymentPostprocessing = 0;
		};
		3D8D4061246432DD0018F693 /* Frameworks */ = {
			isa = PBXFrameworksBuildPhase;
			buildActionMask = 2147483647;
			files = (
				293921322646E864FF452952 /* Pods_News_NewsUITests.framework in Frameworks */,
			);
			runOnlyForDeploymentPostprocessing = 0;
		};
/* End PBXFrameworksBuildPhase section */

/* Begin PBXGroup section */
		3D1634F8247AAA0F00FE09BD /* View */ = {
			isa = PBXGroup;
			children = (
				3D20287D2483E1D300EED602 /* Headline */,
				3DFF3B232467D85E0009D16B /* ArticleListViewController.swift */,
			);
			path = View;
			sourceTree = "<group>";
		};
		3D1634F9247AAA1500FE09BD /* ViewModel */ = {
			isa = PBXGroup;
			children = (
				3DFF3B252467D88D0009D16B /* ArticleListViewModel.swift */,
				3D1634FB247AAA3400FE09BD /* ArticleListViewModelIO.swift */,
			);
			path = ViewModel;
			sourceTree = "<group>";
		};
		3D1634FA247AAA2200FE09BD /* Coordinator */ = {
			isa = PBXGroup;
			children = (
				3D607E62247A5F1D00FA19F9 /* ArticleListCoordinator.swift */,
			);
			path = Coordinator;
			sourceTree = "<group>";
		};
		3D1634FD247AAC5B00FE09BD /* Entities */ = {
			isa = PBXGroup;
			children = (
				3D1634FE247AAC6800FE09BD /* ArticleEntity.swift */,
			);
			path = Entities;
			sourceTree = "<group>";
		};
		3D2028782483B40E00EED602 /* Observable */ = {
			isa = PBXGroup;
			children = (
				3D2028792483B41E00EED602 /* Observable.swift */,
			);
			path = Observable;
			sourceTree = "<group>";
		};
		3D20287D2483E1D300EED602 /* Headline */ = {
			isa = PBXGroup;
			children = (
				3DFEC6B42484DA040069B468 /* ArticleHeadlineView.swift */,
			);
			path = Headline;
			sourceTree = "<group>";
		};
		3D4FB7A5247FED1E00F6A3F8 /* Infrastructure */ = {
			isa = PBXGroup;
			children = (
				3D4FB7A6247FED3800F6A3F8 /* Mock */,
				3D4FB7AF247FEECC00F6A3F8 /* ServiceManagerTests.swift */,
				3D4DDDE02480B42200BBBCC3 /* ServiceResponseTests.swift */,
			);
			path = Infrastructure;
			sourceTree = "<group>";
		};
		3D4FB7A6247FED3800F6A3F8 /* Mock */ = {
			isa = PBXGroup;
			children = (
				3D4FB7A7247FED6C00F6A3F8 /* MockServiceConfig.swift */,
				3D4FB7A9247FEDE600F6A3F8 /* MockServiceRequest.swift */,
				3D4FB7AB247FEE5400F6A3F8 /* MockRequest.swift */,
			);
			path = Mock;
			sourceTree = "<group>";
		};
		3D607E65247A658300FA19F9 /* Network */ = {
			isa = PBXGroup;
			children = (
				3D8D407F24643A160018F693 /* ErrorRespond.swift */,
				3DE51F72247BDDC50031E95D /* ServiceResponse.swift */,
				3DE51F74247BF8860031E95D /* ServiceSession.swift */,
				3D8D4079246435850018F693 /* ServiceManager.swift */,
				3DE51F65247BCD900031E95D /* ServiceConfig.swift */,
				3DE51F6B247BD2B00031E95D /* Endpoint.swift */,
			);
			path = Network;
			sourceTree = "<group>";
		};
		3D607E66247A659400FA19F9 /* DIContainer */ = {
			isa = PBXGroup;
			children = (
				3DFF3B37246820430009D16B /* AppDIContainer.swift */,
				3DFF3B39246834BC0009D16B /* ArticleDIContainer.swift */,
			);
			path = DIContainer;
			sourceTree = "<group>";
		};
		3D607E67247A65B800FA19F9 /* Data */ = {
			isa = PBXGroup;
			children = (
				3DCEFAD524837B3700D0A536 /* Utils */,
				3D6C492A2483750000EC5649 /* Interfaces */,
				3D607E68247A65E900FA19F9 /* Repositories */,
				3D607E69247A662600FA19F9 /* Network */,
			);
			path = Data;
			sourceTree = "<group>";
		};
		3D607E68247A65E900FA19F9 /* Repositories */ = {
			isa = PBXGroup;
			children = (
				3D6C4928248374C500EC5649 /* ArticleRepository.swift */,
			);
			path = Repositories;
			sourceTree = "<group>";
		};
		3D607E69247A662600FA19F9 /* Network */ = {
			isa = PBXGroup;
			children = (
				3DE51F76247BFD690031E95D /* ApiEndpoint.swift */,
				3D607E6A247A685000FA19F9 /* Mapping */,
			);
			path = Network;
			sourceTree = "<group>";
		};
		3D607E6A247A685000FA19F9 /* Mapping */ = {
			isa = PBXGroup;
			children = (
				3D607E6B247A685F00FA19F9 /* Article.swift */,
				3DE51F79247BFE800031E95D /* EndpointParams.swift */,
			);
			path = Mapping;
			sourceTree = "<group>";
		};
		3D6C49252483745400EC5649 /* UseCases */ = {
			isa = PBXGroup;
			children = (
				3D6C49262483746400EC5649 /* ArticleUseCases.swift */,
			);
			path = UseCases;
			sourceTree = "<group>";
		};
		3D6C492A2483750000EC5649 /* Interfaces */ = {
			isa = PBXGroup;
			children = (
				3D6C492F2483763C00EC5649 /* ArticleRepositoryInterface.swift */,
			);
			path = Interfaces;
			sourceTree = "<group>";
		};
		3D8D403C246432DA0018F693 = {
			isa = PBXGroup;
			children = (
				3D8D4047246432DA0018F693 /* News */,
				3D8D405C246432DD0018F693 /* NewsTests */,
				3D8D4067246432DD0018F693 /* NewsUITests */,
				3D8D4046246432DA0018F693 /* Products */,
				F6A4BA6DA6D0FFBB3ED4B084 /* Pods */,
				E1258718EE8A75C3D4646737 /* Frameworks */,
			);
			sourceTree = "<group>";
		};
		3D8D4046246432DA0018F693 /* Products */ = {
			isa = PBXGroup;
			children = (
				3D8D4045246432DA0018F693 /* News.app */,
				3D8D4059246432DD0018F693 /* NewsTests.xctest */,
				3D8D4064246432DD0018F693 /* NewsUITests.xctest */,
			);
			name = Products;
			sourceTree = "<group>";
		};
		3D8D4047246432DA0018F693 /* News */ = {
			isa = PBXGroup;
			children = (
				3D8D4076246434EB0018F693 /* Application */,
				3DFF3B212467D83C0009D16B /* Presentation */,
				3DFF3B272467DBAF0009D16B /* Domain */,
				3D607E67247A65B800FA19F9 /* Data */,
				3D8D4078246435200018F693 /* Infrastructure */,
				3DCEFAD024837B0200D0A536 /* Common */,
				3D8D40772464350A0018F693 /* Resources */,
			);
			path = News;
			sourceTree = "<group>";
		};
		3D8D405C246432DD0018F693 /* NewsTests */ = {
			isa = PBXGroup;
			children = (
				3D4FB7A5247FED1E00F6A3F8 /* Infrastructure */,
				3D8D405D246432DD0018F693 /* NewsTests.swift */,
				3D8D405F246432DD0018F693 /* Info.plist */,
			);
			path = NewsTests;
			sourceTree = "<group>";
		};
		3D8D4067246432DD0018F693 /* NewsUITests */ = {
			isa = PBXGroup;
			children = (
				3D8D4068246432DD0018F693 /* NewsUITests.swift */,
				3D8D406A246432DD0018F693 /* Info.plist */,
			);
			path = NewsUITests;
			sourceTree = "<group>";
		};
		3D8D4076246434EB0018F693 /* Application */ = {
			isa = PBXGroup;
			children = (
				3D8D4048246432DA0018F693 /* AppDelegate.swift */,
				3DE51F67247BCE330031E95D /* AppConfiguration.swift */,
				3DFF3B342468200C0009D16B /* AppFlowCoordinator.swift */,
				3D607E66247A659400FA19F9 /* DIContainer */,
			);
			path = Application;
			sourceTree = "<group>";
		};
		3D8D40772464350A0018F693 /* Resources */ = {
			isa = PBXGroup;
			children = (
				3D8D404F246432DD0018F693 /* Assets.xcassets */,
				3D8D4051246432DD0018F693 /* LaunchScreen.storyboard */,
				3D8D4054246432DD0018F693 /* Info.plist */,
			);
			name = Resources;
			sourceTree = "<group>";
		};
		3D8D4078246435200018F693 /* Infrastructure */ = {
			isa = PBXGroup;
			children = (
				3DE51F6D247BD8ED0031E95D /* Extension */,
				3D607E65247A658300FA19F9 /* Network */,
			);
			path = Infrastructure;
			sourceTree = "<group>";
		};
		3DCEFAD024837B0200D0A536 /* Common */ = {
			isa = PBXGroup;
			children = (
			);
			path = Common;
			sourceTree = "<group>";
		};
		3DCEFAD524837B3700D0A536 /* Utils */ = {
			isa = PBXGroup;
			children = (
				3DCEFAD624837B4300D0A536 /* RepositoryTask.swift */,
			);
			path = Utils;
			sourceTree = "<group>";
		};
		3DE51F52247BAD770031E95D /* Components */ = {
			isa = PBXGroup;
			children = (
				3DE51F53247BAD7C0031E95D /* Cell */,
			);
			path = Components;
			sourceTree = "<group>";
		};
		3DE51F53247BAD7C0031E95D /* Cell */ = {
			isa = PBXGroup;
			children = (
				3DE51F60247BB9CE0031E95D /* HeadlineCell.swift */,
			);
			path = Cell;
			sourceTree = "<group>";
		};
		3DE51F5B247BB0270031E95D /* Extensions */ = {
			isa = PBXGroup;
			children = (
				3DE51F5C247BB0390031E95D /* ViewExtension.swift */,
				3D2028802483EE8900EED602 /* ViewControllerExtension.swift */,
				3DFEC6B62484E9230069B468 /* ImageViewExtension.swift */,
			);
			path = Extensions;
			sourceTree = "<group>";
		};
		3DE51F62247BC6070031E95D /* DataSource */ = {
			isa = PBXGroup;
			children = (
				3DE51F63247BC6340031E95D /* CollectionViewDataSource.swift */,
			);
			path = DataSource;
			sourceTree = "<group>";
		};
		3DE51F6D247BD8ED0031E95D /* Extension */ = {
			isa = PBXGroup;
			children = (
				3DE51F6E247BD90D0031E95D /* EncodableExtension.swift */,
				3DE51F70247BD9870031E95D /* DictionaryExtension.swift */,
			);
			path = Extension;
			sourceTree = "<group>";
		};
		3DFF3B212467D83C0009D16B /* Presentation */ = {
			isa = PBXGroup;
			children = (
				3D2028782483B40E00EED602 /* Observable */,
				3DE51F62247BC6070031E95D /* DataSource */,
				3DE51F52247BAD770031E95D /* Components */,
				3DFF3B222467D84B0009D16B /* ArticleList */,
				3DE51F5B247BB0270031E95D /* Extensions */,
			);
			path = Presentation;
			sourceTree = "<group>";
		};
		3DFF3B222467D84B0009D16B /* ArticleList */ = {
			isa = PBXGroup;
			children = (
				3D1634FA247AAA2200FE09BD /* Coordinator */,
				3D1634F9247AAA1500FE09BD /* ViewModel */,
				3D1634F8247AAA0F00FE09BD /* View */,
			);
			path = ArticleList;
			sourceTree = "<group>";
		};
		3DFF3B272467DBAF0009D16B /* Domain */ = {
			isa = PBXGroup;
			children = (
				3D1634FD247AAC5B00FE09BD /* Entities */,
				3D6C49252483745400EC5649 /* UseCases */,
			);
			path = Domain;
			sourceTree = "<group>";
		};
		E1258718EE8A75C3D4646737 /* Frameworks */ = {
			isa = PBXGroup;
			children = (
				8254A91B06C2B95674C83CD5 /* Pods_News.framework */,
				A502A8FB967E31B2BA257700 /* Pods_News_NewsUITests.framework */,
				8D6C4EBC7141F4E69E45B34D /* Pods_NewsTests.framework */,
			);
			name = Frameworks;
			sourceTree = "<group>";
		};
		F6A4BA6DA6D0FFBB3ED4B084 /* Pods */ = {
			isa = PBXGroup;
			children = (
				BA2F41CB185B6BACA091D86B /* Pods-News.debug.xcconfig */,
				DFF7864841ED94EF9EF1A2A9 /* Pods-News.release.xcconfig */,
				5C81972413392EE79213DA54 /* Pods-News-NewsUITests.debug.xcconfig */,
				3C309DBF4F4FD77418470893 /* Pods-News-NewsUITests.release.xcconfig */,
				998D222E8BCCA6D55E303B2E /* Pods-NewsTests.debug.xcconfig */,
				6ECBECADBE7230394152C6B4 /* Pods-NewsTests.release.xcconfig */,
			);
			path = Pods;
			sourceTree = "<group>";
		};
/* End PBXGroup section */

/* Begin PBXNativeTarget section */
		3D8D4044246432DA0018F693 /* News */ = {
			isa = PBXNativeTarget;
			buildConfigurationList = 3D8D406D246432DD0018F693 /* Build configuration list for PBXNativeTarget "News" */;
			buildPhases = (
				BEF8A80465977A23779B8231 /* [CP] Check Pods Manifest.lock */,
				3D8D4041246432DA0018F693 /* Sources */,
				3D8D4042246432DA0018F693 /* Frameworks */,
				3D8D4043246432DA0018F693 /* Resources */,
			);
			buildRules = (
			);
			dependencies = (
			);
			name = News;
			productName = News;
			productReference = 3D8D4045246432DA0018F693 /* News.app */;
			productType = "com.apple.product-type.application";
		};
		3D8D4058246432DD0018F693 /* NewsTests */ = {
			isa = PBXNativeTarget;
			buildConfigurationList = 3D8D4070246432DD0018F693 /* Build configuration list for PBXNativeTarget "NewsTests" */;
			buildPhases = (
				8EA46ADCC7633A19F598E0E5 /* [CP] Check Pods Manifest.lock */,
				3D8D4055246432DD0018F693 /* Sources */,
				3D8D4056246432DD0018F693 /* Frameworks */,
				3D8D4057246432DD0018F693 /* Resources */,
				07404675E883975994C26A61 /* [CP] Embed Pods Frameworks */,
			);
			buildRules = (
			);
			dependencies = (
				3D8D405B246432DD0018F693 /* PBXTargetDependency */,
			);
			name = NewsTests;
			productName = NewsTests;
			productReference = 3D8D4059246432DD0018F693 /* NewsTests.xctest */;
			productType = "com.apple.product-type.bundle.unit-test";
		};
		3D8D4063246432DD0018F693 /* NewsUITests */ = {
			isa = PBXNativeTarget;
			buildConfigurationList = 3D8D4073246432DD0018F693 /* Build configuration list for PBXNativeTarget "NewsUITests" */;
			buildPhases = (
				0E970D0FEE1927563F0812EB /* [CP] Check Pods Manifest.lock */,
				3D8D4060246432DD0018F693 /* Sources */,
				3D8D4061246432DD0018F693 /* Frameworks */,
				3D8D4062246432DD0018F693 /* Resources */,
			);
			buildRules = (
			);
			dependencies = (
				3D8D4066246432DD0018F693 /* PBXTargetDependency */,
			);
			name = NewsUITests;
			productName = NewsUITests;
			productReference = 3D8D4064246432DD0018F693 /* NewsUITests.xctest */;
			productType = "com.apple.product-type.bundle.ui-testing";
		};
/* End PBXNativeTarget section */

/* Begin PBXProject section */
		3D8D403D246432DA0018F693 /* Project object */ = {
			isa = PBXProject;
			attributes = {
				LastSwiftUpdateCheck = 1030;
				LastUpgradeCheck = 1030;
				ORGANIZATIONNAME = William;
				TargetAttributes = {
					3D8D4044246432DA0018F693 = {
						CreatedOnToolsVersion = 10.3;
					};
					3D8D4058246432DD0018F693 = {
						CreatedOnToolsVersion = 10.3;
						TestTargetID = 3D8D4044246432DA0018F693;
					};
					3D8D4063246432DD0018F693 = {
						CreatedOnToolsVersion = 10.3;
						TestTargetID = 3D8D4044246432DA0018F693;
					};
				};
			};
			buildConfigurationList = 3D8D4040246432DA0018F693 /* Build configuration list for PBXProject "News" */;
			compatibilityVersion = "Xcode 9.3";
			developmentRegion = en;
			hasScannedForEncodings = 0;
			knownRegions = (
				en,
				Base,
			);
			mainGroup = 3D8D403C246432DA0018F693;
			productRefGroup = 3D8D4046246432DA0018F693 /* Products */;
			projectDirPath = "";
			projectRoot = "";
			targets = (
				3D8D4044246432DA0018F693 /* News */,
				3D8D4058246432DD0018F693 /* NewsTests */,
				3D8D4063246432DD0018F693 /* NewsUITests */,
			);
		};
/* End PBXProject section */

/* Begin PBXResourcesBuildPhase section */
		3D8D4043246432DA0018F693 /* Resources */ = {
			isa = PBXResourcesBuildPhase;
			buildActionMask = 2147483647;
			files = (
				3D8D4053246432DD0018F693 /* LaunchScreen.storyboard in Resources */,
				3D8D4050246432DD0018F693 /* Assets.xcassets in Resources */,
			);
			runOnlyForDeploymentPostprocessing = 0;
		};
		3D8D4057246432DD0018F693 /* Resources */ = {
			isa = PBXResourcesBuildPhase;
			buildActionMask = 2147483647;
			files = (
			);
			runOnlyForDeploymentPostprocessing = 0;
		};
		3D8D4062246432DD0018F693 /* Resources */ = {
			isa = PBXResourcesBuildPhase;
			buildActionMask = 2147483647;
			files = (
			);
			runOnlyForDeploymentPostprocessing = 0;
		};
/* End PBXResourcesBuildPhase section */

/* Begin PBXShellScriptBuildPhase section */
		07404675E883975994C26A61 /* [CP] Embed Pods Frameworks */ = {
			isa = PBXShellScriptBuildPhase;
			buildActionMask = 2147483647;
			files = (
			);
			inputFileListPaths = (
				"${PODS_ROOT}/Target Support Files/Pods-NewsTests/Pods-NewsTests-frameworks-${CONFIGURATION}-input-files.xcfilelist",
			);
			name = "[CP] Embed Pods Frameworks";
			outputFileListPaths = (
				"${PODS_ROOT}/Target Support Files/Pods-NewsTests/Pods-NewsTests-frameworks-${CONFIGURATION}-output-files.xcfilelist",
			);
			runOnlyForDeploymentPostprocessing = 0;
			shellPath = /bin/sh;
			shellScript = "\"${PODS_ROOT}/Target Support Files/Pods-NewsTests/Pods-NewsTests-frameworks.sh\"\n";
			showEnvVarsInLog = 0;
		};
		0E970D0FEE1927563F0812EB /* [CP] Check Pods Manifest.lock */ = {
			isa = PBXShellScriptBuildPhase;
			buildActionMask = 2147483647;
			files = (
			);
			inputFileListPaths = (
			);
			inputPaths = (
				"${PODS_PODFILE_DIR_PATH}/Podfile.lock",
				"${PODS_ROOT}/Manifest.lock",
			);
			name = "[CP] Check Pods Manifest.lock";
			outputFileListPaths = (
			);
			outputPaths = (
				"$(DERIVED_FILE_DIR)/Pods-News-NewsUITests-checkManifestLockResult.txt",
			);
			runOnlyForDeploymentPostprocessing = 0;
			shellPath = /bin/sh;
			shellScript = "diff \"${PODS_PODFILE_DIR_PATH}/Podfile.lock\" \"${PODS_ROOT}/Manifest.lock\" > /dev/null\nif [ $? != 0 ] ; then\n    # print error to STDERR\n    echo \"error: The sandbox is not in sync with the Podfile.lock. Run 'pod install' or update your CocoaPods installation.\" >&2\n    exit 1\nfi\n# This output is used by Xcode 'outputs' to avoid re-running this script phase.\necho \"SUCCESS\" > \"${SCRIPT_OUTPUT_FILE_0}\"\n";
			showEnvVarsInLog = 0;
		};
		8EA46ADCC7633A19F598E0E5 /* [CP] Check Pods Manifest.lock */ = {
			isa = PBXShellScriptBuildPhase;
			buildActionMask = 2147483647;
			files = (
			);
			inputFileListPaths = (
			);
			inputPaths = (
				"${PODS_PODFILE_DIR_PATH}/Podfile.lock",
				"${PODS_ROOT}/Manifest.lock",
			);
			name = "[CP] Check Pods Manifest.lock";
			outputFileListPaths = (
			);
			outputPaths = (
				"$(DERIVED_FILE_DIR)/Pods-NewsTests-checkManifestLockResult.txt",
			);
			runOnlyForDeploymentPostprocessing = 0;
			shellPath = /bin/sh;
			shellScript = "diff \"${PODS_PODFILE_DIR_PATH}/Podfile.lock\" \"${PODS_ROOT}/Manifest.lock\" > /dev/null\nif [ $? != 0 ] ; then\n    # print error to STDERR\n    echo \"error: The sandbox is not in sync with the Podfile.lock. Run 'pod install' or update your CocoaPods installation.\" >&2\n    exit 1\nfi\n# This output is used by Xcode 'outputs' to avoid re-running this script phase.\necho \"SUCCESS\" > \"${SCRIPT_OUTPUT_FILE_0}\"\n";
			showEnvVarsInLog = 0;
		};
		BEF8A80465977A23779B8231 /* [CP] Check Pods Manifest.lock */ = {
			isa = PBXShellScriptBuildPhase;
			buildActionMask = 2147483647;
			files = (
			);
			inputFileListPaths = (
			);
			inputPaths = (
				"${PODS_PODFILE_DIR_PATH}/Podfile.lock",
				"${PODS_ROOT}/Manifest.lock",
			);
			name = "[CP] Check Pods Manifest.lock";
			outputFileListPaths = (
			);
			outputPaths = (
				"$(DERIVED_FILE_DIR)/Pods-News-checkManifestLockResult.txt",
			);
			runOnlyForDeploymentPostprocessing = 0;
			shellPath = /bin/sh;
			shellScript = "diff \"${PODS_PODFILE_DIR_PATH}/Podfile.lock\" \"${PODS_ROOT}/Manifest.lock\" > /dev/null\nif [ $? != 0 ] ; then\n    # print error to STDERR\n    echo \"error: The sandbox is not in sync with the Podfile.lock. Run 'pod install' or update your CocoaPods installation.\" >&2\n    exit 1\nfi\n# This output is used by Xcode 'outputs' to avoid re-running this script phase.\necho \"SUCCESS\" > \"${SCRIPT_OUTPUT_FILE_0}\"\n";
			showEnvVarsInLog = 0;
		};
/* End PBXShellScriptBuildPhase section */

/* Begin PBXSourcesBuildPhase section */
		3D8D4041246432DA0018F693 /* Sources */ = {
			isa = PBXSourcesBuildPhase;
			buildActionMask = 2147483647;
			files = (
				3DE51F7A247BFE800031E95D /* EndpointParams.swift in Sources */,
				3DE51F5D247BB0390031E95D /* ViewExtension.swift in Sources */,
				3D607E6C247A685F00FA19F9 /* Article.swift in Sources */,
				3D8D408024643A160018F693 /* ErrorRespond.swift in Sources */,
				3DFF3B352468200C0009D16B /* AppFlowCoordinator.swift in Sources */,
				3DFF3B38246820430009D16B /* AppDIContainer.swift in Sources */,
				3D1634FF247AAC6800FE09BD /* ArticleEntity.swift in Sources */,
				3D6C4929248374C500EC5649 /* ArticleRepository.swift in Sources */,
				3DE51F68247BCE330031E95D /* AppConfiguration.swift in Sources */,
				3D8D4049246432DA0018F693 /* AppDelegate.swift in Sources */,
				3DE51F73247BDDC50031E95D /* ServiceResponse.swift in Sources */,
				3DE51F77247BFD690031E95D /* ApiEndpoint.swift in Sources */,
				3DE51F71247BD9870031E95D /* DictionaryExtension.swift in Sources */,
				3DFEC6B52484DA040069B468 /* ArticleHeadlineView.swift in Sources */,
				3DFEC6B72484E9230069B468 /* ImageViewExtension.swift in Sources */,
				3DCEFAD724837B4300D0A536 /* RepositoryTask.swift in Sources */,
				3D6C49272483746400EC5649 /* ArticleUseCases.swift in Sources */,
				3DFF3B242467D85E0009D16B /* ArticleListViewController.swift in Sources */,
				3D20287A2483B41E00EED602 /* Observable.swift in Sources */,
				3D8D407A246435850018F693 /* ServiceManager.swift in Sources */,
				3D6C49302483763C00EC5649 /* ArticleRepositoryInterface.swift in Sources */,
				3D2028812483EE8900EED602 /* ViewControllerExtension.swift in Sources */,
				3DE51F66247BCD900031E95D /* ServiceConfig.swift in Sources */,
				3DE51F61247BB9CE0031E95D /* HeadlineCell.swift in Sources */,
				3DFF3B3A246834BC0009D16B /* ArticleDIContainer.swift in Sources */,
				3D1634FC247AAA3400FE09BD /* ArticleListViewModelIO.swift in Sources */,
				3DE51F64247BC6340031E95D /* CollectionViewDataSource.swift in Sources */,
				3D607E63247A5F1D00FA19F9 /* ArticleListCoordinator.swift in Sources */,
				3DE51F75247BF8860031E95D /* ServiceSession.swift in Sources */,
				3DE51F6C247BD2B00031E95D /* Endpoint.swift in Sources */,
				3DFF3B262467D88D0009D16B /* ArticleListViewModel.swift in Sources */,
				3DE51F6F247BD90D0031E95D /* EncodableExtension.swift in Sources */,
			);
			runOnlyForDeploymentPostprocessing = 0;
		};
		3D8D4055246432DD0018F693 /* Sources */ = {
			isa = PBXSourcesBuildPhase;
			buildActionMask = 2147483647;
			files = (
				3D8D405E246432DD0018F693 /* NewsTests.swift in Sources */,
				3D4FB7AA247FEDE600F6A3F8 /* MockServiceRequest.swift in Sources */,
				3D4FB7B0247FEECC00F6A3F8 /* ServiceManagerTests.swift in Sources */,
				3D4FB7A8247FED6C00F6A3F8 /* MockServiceConfig.swift in Sources */,
				3D4DDDE12480B42200BBBCC3 /* ServiceResponseTests.swift in Sources */,
				3D4FB7AC247FEE5400F6A3F8 /* MockRequest.swift in Sources */,
			);
			runOnlyForDeploymentPostprocessing = 0;
		};
		3D8D4060246432DD0018F693 /* Sources */ = {
			isa = PBXSourcesBuildPhase;
			buildActionMask = 2147483647;
			files = (
				3D8D4069246432DD0018F693 /* NewsUITests.swift in Sources */,
			);
			runOnlyForDeploymentPostprocessing = 0;
		};
/* End PBXSourcesBuildPhase section */

/* Begin PBXTargetDependency section */
		3D8D405B246432DD0018F693 /* PBXTargetDependency */ = {
			isa = PBXTargetDependency;
			target = 3D8D4044246432DA0018F693 /* News */;
			targetProxy = 3D8D405A246432DD0018F693 /* PBXContainerItemProxy */;
		};
		3D8D4066246432DD0018F693 /* PBXTargetDependency */ = {
			isa = PBXTargetDependency;
			target = 3D8D4044246432DA0018F693 /* News */;
			targetProxy = 3D8D4065246432DD0018F693 /* PBXContainerItemProxy */;
		};
/* End PBXTargetDependency section */

/* Begin PBXVariantGroup section */
		3D8D4051246432DD0018F693 /* LaunchScreen.storyboard */ = {
			isa = PBXVariantGroup;
			children = (
				3D8D4052246432DD0018F693 /* Base */,
			);
			name = LaunchScreen.storyboard;
			sourceTree = "<group>";
		};
/* End PBXVariantGroup section */

/* Begin XCBuildConfiguration section */
		3D8D406B246432DD0018F693 /* Debug */ = {
			isa = XCBuildConfiguration;
			buildSettings = {
				ALWAYS_SEARCH_USER_PATHS = NO;
				CLANG_ANALYZER_NONNULL = YES;
				CLANG_ANALYZER_NUMBER_OBJECT_CONVERSION = YES_AGGRESSIVE;
				CLANG_CXX_LANGUAGE_STANDARD = "gnu++14";
				CLANG_CXX_LIBRARY = "libc++";
				CLANG_ENABLE_MODULES = YES;
				CLANG_ENABLE_OBJC_ARC = YES;
				CLANG_ENABLE_OBJC_WEAK = YES;
				CLANG_WARN_BLOCK_CAPTURE_AUTORELEASING = YES;
				CLANG_WARN_BOOL_CONVERSION = YES;
				CLANG_WARN_COMMA = YES;
				CLANG_WARN_CONSTANT_CONVERSION = YES;
				CLANG_WARN_DEPRECATED_OBJC_IMPLEMENTATIONS = YES;
				CLANG_WARN_DIRECT_OBJC_ISA_USAGE = YES_ERROR;
				CLANG_WARN_DOCUMENTATION_COMMENTS = YES;
				CLANG_WARN_EMPTY_BODY = YES;
				CLANG_WARN_ENUM_CONVERSION = YES;
				CLANG_WARN_INFINITE_RECURSION = YES;
				CLANG_WARN_INT_CONVERSION = YES;
				CLANG_WARN_NON_LITERAL_NULL_CONVERSION = YES;
				CLANG_WARN_OBJC_IMPLICIT_RETAIN_SELF = YES;
				CLANG_WARN_OBJC_LITERAL_CONVERSION = YES;
				CLANG_WARN_OBJC_ROOT_CLASS = YES_ERROR;
				CLANG_WARN_RANGE_LOOP_ANALYSIS = YES;
				CLANG_WARN_STRICT_PROTOTYPES = YES;
				CLANG_WARN_SUSPICIOUS_MOVE = YES;
				CLANG_WARN_UNGUARDED_AVAILABILITY = YES_AGGRESSIVE;
				CLANG_WARN_UNREACHABLE_CODE = YES;
				CLANG_WARN__DUPLICATE_METHOD_MATCH = YES;
				CODE_SIGN_IDENTITY = "iPhone Developer";
				COPY_PHASE_STRIP = NO;
				DEBUG_INFORMATION_FORMAT = dwarf;
				ENABLE_STRICT_OBJC_MSGSEND = YES;
				ENABLE_TESTABILITY = YES;
				GCC_C_LANGUAGE_STANDARD = gnu11;
				GCC_DYNAMIC_NO_PIC = NO;
				GCC_NO_COMMON_BLOCKS = YES;
				GCC_OPTIMIZATION_LEVEL = 0;
				GCC_PREPROCESSOR_DEFINITIONS = (
					"DEBUG=1",
					"$(inherited)",
				);
				GCC_WARN_64_TO_32_BIT_CONVERSION = YES;
				GCC_WARN_ABOUT_RETURN_TYPE = YES_ERROR;
				GCC_WARN_UNDECLARED_SELECTOR = YES;
				GCC_WARN_UNINITIALIZED_AUTOS = YES_AGGRESSIVE;
				GCC_WARN_UNUSED_FUNCTION = YES;
				GCC_WARN_UNUSED_VARIABLE = YES;
				IPHONEOS_DEPLOYMENT_TARGET = 12.4;
				MTL_ENABLE_DEBUG_INFO = INCLUDE_SOURCE;
				MTL_FAST_MATH = YES;
				ONLY_ACTIVE_ARCH = YES;
				SDKROOT = iphoneos;
				SWIFT_ACTIVE_COMPILATION_CONDITIONS = DEBUG;
				SWIFT_OPTIMIZATION_LEVEL = "-Onone";
			};
			name = Debug;
		};
		3D8D406C246432DD0018F693 /* Release */ = {
			isa = XCBuildConfiguration;
			buildSettings = {
				ALWAYS_SEARCH_USER_PATHS = NO;
				CLANG_ANALYZER_NONNULL = YES;
				CLANG_ANALYZER_NUMBER_OBJECT_CONVERSION = YES_AGGRESSIVE;
				CLANG_CXX_LANGUAGE_STANDARD = "gnu++14";
				CLANG_CXX_LIBRARY = "libc++";
				CLANG_ENABLE_MODULES = YES;
				CLANG_ENABLE_OBJC_ARC = YES;
				CLANG_ENABLE_OBJC_WEAK = YES;
				CLANG_WARN_BLOCK_CAPTURE_AUTORELEASING = YES;
				CLANG_WARN_BOOL_CONVERSION = YES;
				CLANG_WARN_COMMA = YES;
				CLANG_WARN_CONSTANT_CONVERSION = YES;
				CLANG_WARN_DEPRECATED_OBJC_IMPLEMENTATIONS = YES;
				CLANG_WARN_DIRECT_OBJC_ISA_USAGE = YES_ERROR;
				CLANG_WARN_DOCUMENTATION_COMMENTS = YES;
				CLANG_WARN_EMPTY_BODY = YES;
				CLANG_WARN_ENUM_CONVERSION = YES;
				CLANG_WARN_INFINITE_RECURSION = YES;
				CLANG_WARN_INT_CONVERSION = YES;
				CLANG_WARN_NON_LITERAL_NULL_CONVERSION = YES;
				CLANG_WARN_OBJC_IMPLICIT_RETAIN_SELF = YES;
				CLANG_WARN_OBJC_LITERAL_CONVERSION = YES;
				CLANG_WARN_OBJC_ROOT_CLASS = YES_ERROR;
				CLANG_WARN_RANGE_LOOP_ANALYSIS = YES;
				CLANG_WARN_STRICT_PROTOTYPES = YES;
				CLANG_WARN_SUSPICIOUS_MOVE = YES;
				CLANG_WARN_UNGUARDED_AVAILABILITY = YES_AGGRESSIVE;
				CLANG_WARN_UNREACHABLE_CODE = YES;
				CLANG_WARN__DUPLICATE_METHOD_MATCH = YES;
				CODE_SIGN_IDENTITY = "iPhone Developer";
				COPY_PHASE_STRIP = NO;
				DEBUG_INFORMATION_FORMAT = "dwarf-with-dsym";
				ENABLE_NS_ASSERTIONS = NO;
				ENABLE_STRICT_OBJC_MSGSEND = YES;
				GCC_C_LANGUAGE_STANDARD = gnu11;
				GCC_NO_COMMON_BLOCKS = YES;
				GCC_WARN_64_TO_32_BIT_CONVERSION = YES;
				GCC_WARN_ABOUT_RETURN_TYPE = YES_ERROR;
				GCC_WARN_UNDECLARED_SELECTOR = YES;
				GCC_WARN_UNINITIALIZED_AUTOS = YES_AGGRESSIVE;
				GCC_WARN_UNUSED_FUNCTION = YES;
				GCC_WARN_UNUSED_VARIABLE = YES;
				IPHONEOS_DEPLOYMENT_TARGET = 12.4;
				MTL_ENABLE_DEBUG_INFO = NO;
				MTL_FAST_MATH = YES;
				SDKROOT = iphoneos;
				SWIFT_COMPILATION_MODE = wholemodule;
				SWIFT_OPTIMIZATION_LEVEL = "-O";
				VALIDATE_PRODUCT = YES;
			};
			name = Release;
		};
		3D8D406E246432DD0018F693 /* Debug */ = {
			isa = XCBuildConfiguration;
			baseConfigurationReference = BA2F41CB185B6BACA091D86B /* Pods-News.debug.xcconfig */;
			buildSettings = {
				API_KEY = 464e01ad1e634524b2895290c53510de;
				ASSETCATALOG_COMPILER_APPICON_NAME = AppIcon;
				BASE_URL = "https://newsapi.org/v2";
				CODE_SIGN_IDENTITY = "Apple Development";
				CODE_SIGN_STYLE = Automatic;
				DEVELOPMENT_TEAM = BY8P5XC76R;
				INFOPLIST_FILE = News/Info.plist;
				LD_RUNPATH_SEARCH_PATHS = (
					"$(inherited)",
					"@executable_path/Frameworks",
				);
				PRODUCT_BUNDLE_IDENTIFIER = sample.william.News;
				PRODUCT_NAME = "$(TARGET_NAME)";
				PROVISIONING_PROFILE_SPECIFIER = "";
				SWIFT_VERSION = 5.0;
				TARGETED_DEVICE_FAMILY = "1,2";
			};
			name = Debug;
		};
		3D8D406F246432DD0018F693 /* Release */ = {
			isa = XCBuildConfiguration;
			baseConfigurationReference = DFF7864841ED94EF9EF1A2A9 /* Pods-News.release.xcconfig */;
			buildSettings = {
				API_KEY = 464e01ad1e634524b2895290c53510de;
				ASSETCATALOG_COMPILER_APPICON_NAME = AppIcon;
				BASE_URL = "https://newsapi.org/v2";
				CODE_SIGN_IDENTITY = "Apple Development";
				CODE_SIGN_STYLE = Automatic;
				DEVELOPMENT_TEAM = BY8P5XC76R;
				INFOPLIST_FILE = News/Info.plist;
				LD_RUNPATH_SEARCH_PATHS = (
					"$(inherited)",
					"@executable_path/Frameworks",
				);
				PRODUCT_BUNDLE_IDENTIFIER = sample.william.News;
				PRODUCT_NAME = "$(TARGET_NAME)";
				PROVISIONING_PROFILE_SPECIFIER = "";
				SWIFT_VERSION = 5.0;
				TARGETED_DEVICE_FAMILY = "1,2";
			};
			name = Release;
		};
		3D8D4071246432DD0018F693 /* Debug */ = {
			isa = XCBuildConfiguration;
			baseConfigurationReference = 998D222E8BCCA6D55E303B2E /* Pods-NewsTests.debug.xcconfig */;
			buildSettings = {
				ALWAYS_EMBED_SWIFT_STANDARD_LIBRARIES = YES;
				BUNDLE_LOADER = "$(TEST_HOST)";
				CODE_SIGN_STYLE = Automatic;
				DEVELOPMENT_TEAM = BY8P5XC76R;
				INFOPLIST_FILE = NewsTests/Info.plist;
				LD_RUNPATH_SEARCH_PATHS = (
					"$(inherited)",
					"@executable_path/Frameworks",
					"@loader_path/Frameworks",
				);
				PRODUCT_BUNDLE_IDENTIFIER = sample.william.NewsTests;
				PRODUCT_NAME = "$(TARGET_NAME)";
				SWIFT_VERSION = 5.0;
				TARGETED_DEVICE_FAMILY = "1,2";
				TEST_HOST = "$(BUILT_PRODUCTS_DIR)/News.app/News";
			};
			name = Debug;
		};
		3D8D4072246432DD0018F693 /* Release */ = {
			isa = XCBuildConfiguration;
			baseConfigurationReference = 6ECBECADBE7230394152C6B4 /* Pods-NewsTests.release.xcconfig */;
			buildSettings = {
				ALWAYS_EMBED_SWIFT_STANDARD_LIBRARIES = YES;
				BUNDLE_LOADER = "$(TEST_HOST)";
				CODE_SIGN_STYLE = Automatic;
				DEVELOPMENT_TEAM = BY8P5XC76R;
				INFOPLIST_FILE = NewsTests/Info.plist;
				LD_RUNPATH_SEARCH_PATHS = (
					"$(inherited)",
					"@executable_path/Frameworks",
					"@loader_path/Frameworks",
				);
				PRODUCT_BUNDLE_IDENTIFIER = sample.william.NewsTests;
				PRODUCT_NAME = "$(TARGET_NAME)";
				SWIFT_VERSION = 5.0;
				TARGETED_DEVICE_FAMILY = "1,2";
				TEST_HOST = "$(BUILT_PRODUCTS_DIR)/News.app/News";
			};
			name = Release;
		};
		3D8D4074246432DD0018F693 /* Debug */ = {
			isa = XCBuildConfiguration;
			baseConfigurationReference = 5C81972413392EE79213DA54 /* Pods-News-NewsUITests.debug.xcconfig */;
			buildSettings = {
				ALWAYS_EMBED_SWIFT_STANDARD_LIBRARIES = YES;
				CODE_SIGN_STYLE = Automatic;
				DEVELOPMENT_TEAM = BY8P5XC76R;
				INFOPLIST_FILE = NewsUITests/Info.plist;
				LD_RUNPATH_SEARCH_PATHS = (
					"$(inherited)",
					"@executable_path/Frameworks",
					"@loader_path/Frameworks",
				);
				PRODUCT_BUNDLE_IDENTIFIER = sample.william.NewsUITests;
				PRODUCT_NAME = "$(TARGET_NAME)";
				SWIFT_VERSION = 5.0;
				TARGETED_DEVICE_FAMILY = "1,2";
				TEST_TARGET_NAME = News;
			};
			name = Debug;
		};
		3D8D4075246432DD0018F693 /* Release */ = {
			isa = XCBuildConfiguration;
			baseConfigurationReference = 3C309DBF4F4FD77418470893 /* Pods-News-NewsUITests.release.xcconfig */;
			buildSettings = {
				ALWAYS_EMBED_SWIFT_STANDARD_LIBRARIES = YES;
				CODE_SIGN_STYLE = Automatic;
				DEVELOPMENT_TEAM = BY8P5XC76R;
				INFOPLIST_FILE = NewsUITests/Info.plist;
				LD_RUNPATH_SEARCH_PATHS = (
					"$(inherited)",
					"@executable_path/Frameworks",
					"@loader_path/Frameworks",
				);
				PRODUCT_BUNDLE_IDENTIFIER = sample.william.NewsUITests;
				PRODUCT_NAME = "$(TARGET_NAME)";
				SWIFT_VERSION = 5.0;
				TARGETED_DEVICE_FAMILY = "1,2";
				TEST_TARGET_NAME = News;
			};
			name = Release;
		};
/* End XCBuildConfiguration section */

/* Begin XCConfigurationList section */
		3D8D4040246432DA0018F693 /* Build configuration list for PBXProject "News" */ = {
			isa = XCConfigurationList;
			buildConfigurations = (
				3D8D406B246432DD0018F693 /* Debug */,
				3D8D406C246432DD0018F693 /* Release */,
			);
			defaultConfigurationIsVisible = 0;
			defaultConfigurationName = Release;
		};
		3D8D406D246432DD0018F693 /* Build configuration list for PBXNativeTarget "News" */ = {
			isa = XCConfigurationList;
			buildConfigurations = (
				3D8D406E246432DD0018F693 /* Debug */,
				3D8D406F246432DD0018F693 /* Release */,
			);
			defaultConfigurationIsVisible = 0;
			defaultConfigurationName = Release;
		};
		3D8D4070246432DD0018F693 /* Build configuration list for PBXNativeTarget "NewsTests" */ = {
			isa = XCConfigurationList;
			buildConfigurations = (
				3D8D4071246432DD0018F693 /* Debug */,
				3D8D4072246432DD0018F693 /* Release */,
			);
			defaultConfigurationIsVisible = 0;
			defaultConfigurationName = Release;
		};
		3D8D4073246432DD0018F693 /* Build configuration list for PBXNativeTarget "NewsUITests" */ = {
			isa = XCConfigurationList;
			buildConfigurations = (
				3D8D4074246432DD0018F693 /* Debug */,
				3D8D4075246432DD0018F693 /* Release */,
			);
			defaultConfigurationIsVisible = 0;
			defaultConfigurationName = Release;
		};
/* End XCConfigurationList section */
	};
	rootObject = 3D8D403D246432DA0018F693 /* Project object */;
}
